PODS:
  - IIBLL (0.2.1):
    - IIBLL/BeeHive (= 0.2.1)
    - IIBLL/IBLL (= 0.2.1)
  - IIBLL/BeeHive (0.2.1)
  - IIBLL/IBLL (0.2.1):
    - IIBLL/BeeHive

DEPENDENCIES:
  - IIBLL (from `../`)

EXTERNAL SOURCES:
  IIBLL:
    :path: "../"

SPEC CHECKSUMS:
  IIBLL: 6fd15b715658c9f66d27dd7428b65c91d3f47045

PODFILE CHECKSUM: bdce4b827010cf7ba04782fc75a4893f52749cce

COCOAPODS: 1.6.1
